
Microsoft Visual Studio Solution File, Format Version 12.00
# Visual Studio Version 17
VisualStudioVersion = 17.3.32922.545
MinimumVisualStudioVersion = 10.0.40219.1
Project("{FAE04EC0-301F-11D3-BF4B-00C04F79EFBC}") = "killMeIfYouCan", "killMeIfYouCan\killMeIfYouCan.csproj", "{2051612D-B380-4E93-8FCC-51DE68B3197B}"
EndProject
Global
	GlobalSection(SolutionConfigurationPlatforms) = preSolution
		Debug|Any CPU = Debug|Any CPU
		Release|Any CPU = Release|Any CPU
	EndGlobalSection
	GlobalSection(ProjectConfigurationPlatforms) = postSolution
		{2051612D-B380-4E93-8FCC-51DE68B3197B}.Debug|Any CPU.ActiveCfg = Debug|Any CPU
		{2051612D-B380-4E93-8FCC-51DE68B3197B}.Debug|Any CPU.Build.0 = Debug|Any CPU
		{2051612D-B380-4E93-8FCC-51DE68B3197B}.Release|Any CPU.ActiveCfg = Release|Any CPU
		{2051612D-B380-4E93-8FCC-51DE68B3197B}.Release|Any CPU.Build.0 = Release|Any CPU
	EndGlobalSection
	GlobalSection(SolutionProperties) = preSolution
		HideSolutionNode = FALSE
	EndGlobalSection
	GlobalSection(ExtensibilityGlobals) = postSolution
		SolutionGuid = {C6B53E8A-D86B-4528-8B29-5FE10DEE3048}
	EndGlobalSection
EndGlobal
